{
  "version": 1,
  "dependencies": {
    "net10.0": {
      "Microsoft.AspNetCore.Authentication.OpenIdConnect": {
        "type": "Direct",
        "requested": "[10.0.12, )",
        "resolved": "10.0.12",
        "contentHash": "UfkKr9EP+LBgnFfxwkfnZzta7XkalCroZWoxg2yW9dt8iPXO7bJYpcmyFIeM+FLcAlOKZeduP93XhuCcfWaYIQ==",
        "dependencies": {
          "Microsoft.IdentityModel.Protocols.OpenIdConnect": "8.19.2"
        }
      },
      "Microsoft.Data.SqlClient": {
        "type": "Direct",
        "requested": "[7.1.1, )",
        "resolved": "7.1.1",
        "contentHash": "Moz4+bba/OdEM9I4jXWggduJ4sqoNcgVAQyXG/dNnGGvnS/YDr2fTjP83fg5YX3drgRki6fRAhR94P8dAZgZtQ==",
        "dependencies": {
          "Microsoft.Bcl.Cryptography": "9.0.18",
          "Microsoft.Data.SqlClient.Extensions.Abstractions": "[7.1.1, 8.0.0)",
          "Microsoft.Data.SqlClient.Internal.Logging": "[7.1.1, 8.0.0)",
          "Microsoft.Data.SqlClient.SNI.runtime": "[7.1.0, 8.0.0)",
          "Microsoft.IdentityModel.JsonWebTokens": "8.16.0",
          "Microsoft.IdentityModel.Protocols.OpenIdConnect": "8.16.0",
          "Microsoft.SqlServer.Server": "[1.0.0, 2.0.0)",
          "System.Configuration.ConfigurationManager": "9.0.18",
          "System.Security.Cryptography.Pkcs": "9.0.18"
        }
      },
      "Microsoft.Bcl.Cryptography": {
        "type": "Transitive",
        "resolved": "10.0.2",
        "contentHash": "LG9Yll3B5aNpxv0+D47g6LiOiKBIlodhcHdQwcYzo8VeexFLGqx5ymetmA2aBRyo9cCcWsQWrFsdbsr8LvmWDw=="
      },
      "Microsoft.Data.SqlClient.Extensions.Abstractions": {
        "type": "Transitive",
        "resolved": "7.1.1",
        "contentHash": "qP/zUOCJwfKqWNC9o+TWqltfNbLnZi1APNpJZgj0yeEJhoI+h+eoQLX+331yZHNOlDxdafZLP5arW/yrS1jAAw==",
        "dependencies": {
          "Microsoft.Data.SqlClient.Internal.Logging": "[7.1.1, 8.0.0)"
        }
      },
      "Microsoft.Data.SqlClient.Internal.Logging": {
        "type": "Transitive",
        "resolved": "7.1.1",
        "contentHash": "bVqbATLnHQngue7U9K7GRnzvfdDa7IyiBU2vijfU2vBMBSZrAnQp/wXqNSfaVonckSaMXUk07wfujTqy9IVMdw=="
      },
      "Microsoft.Data.SqlClient.SNI.runtime": {
        "type": "Transitive",
        "resolved": "7.1.0",
        "contentHash": "rWunOb6Dby0lcI82PohARcRbF+4x4wNKxnKRSHXhuwZMu8/cCS68DCfhceq4bv1gUEfoL5dWXHYnfxVvLQUN+Q=="
      },
      "Microsoft.IdentityModel.Abstractions": {
        "type": "Transitive",
        "resolved": "8.19.2",
        "contentHash": "HJbo/lnSfNHUfphPRT910poQc4T2/9+8svFLvzuaYHGAOJ2Tu+oEDqpX0BVP3BJ4OuUM1kylEKyaiX2fCAK3Cw=="
      },
      "Microsoft.IdentityModel.JsonWebTokens": {
        "type": "Transitive",
        "resolved": "8.19.2",
        "contentHash": "ui3fuBT4fs8kdKfBthI4NzLYIBIneEVS8UrL1JVBzAn80UiKmngBBi0BEByE7n/9c+EElcfFlCMFFTqpkBSLNA==",
        "dependencies": {
          "Microsoft.IdentityModel.Tokens": "8.19.2"
        }
      },
      "Microsoft.IdentityModel.Logging": {
        "type": "Transitive",
        "resolved": "8.19.2",
        "contentHash": "r5YLDIxGOnkVJHrqXv/iD1FM1CgGrQOdriXuvuWvTPmKbnGANhEysq9XKmN6IHjf2a+9bAGEpnoRBsAQlvJU5w==",
        "dependencies": {
          "Microsoft.IdentityModel.Abstractions": "8.19.2"
        }
      },
      "Microsoft.IdentityModel.Protocols": {
        "type": "Transitive",
        "resolved": "8.19.2",
        "contentHash": "sGxSsSrZXNmca6D+jHH2rVRyo2nNRd/g4H9CFbPmLLq0xgoH1U0orLWE5minfijw7+zq49tBs7txenbfAErRoQ==",
        "dependencies": {
          "Microsoft.IdentityModel.Tokens": "8.19.2"
        }
      },
      "Microsoft.IdentityModel.Protocols.OpenIdConnect": {
        "type": "Transitive",
        "resolved": "8.19.2",
        "contentHash": "1XOcyY36cVymzE3qKdzKaUEZ4Pzt7ZpSa14JZoPPK1NLFUkQDs85TCqpV6XDo0YjFXj6nVK00AfOHppjghjhtw==",
        "dependencies": {
          "Microsoft.IdentityModel.Protocols": "8.19.2",
          "System.IdentityModel.Tokens.Jwt": "8.19.2"
        }
      },
      "Microsoft.IdentityModel.Tokens": {
        "type": "Transitive",
        "resolved": "8.19.2",
        "contentHash": "GtPC1S02uH1gOO4fQ+zRysIicKmEXaYFP8PIkdJYXqMyruYhopre4ozVHp0XiDSA0+GJvOZH9prxCPvgBMg4Ww==",
        "dependencies": {
          "Microsoft.Bcl.Cryptography": "10.0.2",
          "Microsoft.IdentityModel.Logging": "8.19.2"
        }
      },
      "Microsoft.SqlServer.Server": {
        "type": "Transitive",
        "resolved": "1.0.0",
        "contentHash": "N4KeF3cpcm1PUHym1RmakkzfkEv3GRMyofVv40uXsQhCQeglr2OHNcUk2WOG51AKpGO8ynGpo9M/kFXSzghwug=="
      },
      "System.Configuration.ConfigurationManager": {
        "type": "Transitive",
        "resolved": "9.0.18",
        "contentHash": "/1q0MHB2xKyTFRC5tk+oL3Ahi+QK0UPI6Qk6Xc5z5BW6otR2T9wwWmEW/LZX98cq7UOmu+7sZ5HNwuq61zrNtg==",
        "dependencies": {
          "System.Security.Cryptography.ProtectedData": "9.0.18"
        }
      },
      "System.IdentityModel.Tokens.Jwt": {
        "type": "Transitive",
        "resolved": "8.19.2",
        "contentHash": "gqhDC/icByKEutygpr+OFgAmjwTVowyzFjWB8K0q1ww8uFj5a1BQNL+QvijUl9uhq4p8OdDwcAIrjVC+eC9FVA==",
        "dependencies": {
          "Microsoft.IdentityModel.JsonWebTokens": "8.19.2",
          "Microsoft.IdentityModel.Tokens": "8.19.2"
        }
      },
      "System.Security.Cryptography.Pkcs": {
        "type": "Transitive",
        "resolved": "9.0.18",
        "contentHash": "NKMKhUdLGNZryY9GXXTF5dXyP6S37EYXhiA2JYvwshJbd4DRq07IOS9it8Opi9atadvv5rlNkD76Mio+5Oo2aQ=="
      },
      "System.Security.Cryptography.ProtectedData": {
        "type": "Transitive",
        "resolved": "9.0.18",
        "contentHash": "1/iz9Eex1TBMYdAk+m3igaMvL+nk+rY1EqL6u93an/j1ghxmB24vGOKXkVFy3NSPA39s1H/+SNoK257tHoXoLA=="
      }
    }
  }
}